
Microsoft Visual Studio Solution File, Format Version 12.00
# Visual Studio Version 16
VisualStudioVersion = 16.0.31515.178
MinimumVisualStudioVersion = 10.0.40219.1
Project("{FAE04EC0-301F-11D3-BF4B-00C04F79EFBC}") = "HelloWorldMVC", "HelloWorldMVC.csproj", "{393B7803-EB0D-4515-90E6-8EA26EFB4629}"
EndProject
Global
	GlobalSection(SolutionConfigurationPlatforms) = preSolution
		Debug|Any CPU = Debug|Any CPU
		Release|Any CPU = Release|Any CPU
	EndGlobalSection
	GlobalSection(ProjectConfigurationPlatforms) = postSolution
		{393B7803-EB0D-4515-90E6-8EA26EFB4629}.Debug|Any CPU.ActiveCfg = Debug|Any CPU
		{393B7803-EB0D-4515-90E6-8EA26EFB4629}.Debug|Any CPU.Build.0 = Debug|Any CPU
		{393B7803-EB0D-4515-90E6-8EA26EFB4629}.Release|Any CPU.ActiveCfg = Release|Any CPU
		{393B7803-EB0D-4515-90E6-8EA26EFB4629}.Release|Any CPU.Build.0 = Release|Any CPU
	EndGlobalSection
	GlobalSection(SolutionProperties) = preSolution
		HideSolutionNode = FALSE
	EndGlobalSection
	GlobalSection(ExtensibilityGlobals) = postSolution
		SolutionGuid = {1C75C25D-AD15-46D2-AA54-07A3DAD297A9}
	EndGlobalSection
EndGlobal
